
Microsoft Visual Studio Solution File, Format Version 12.00
# Visual Studio Version 16
VisualStudioVersion = 16.0.30523.141
MinimumVisualStudioVersion = 10.0.40219.1
Project("{FAE04EC0-301F-11D3-BF4B-00C04F79EFBC}") = "CapaVista", "CapaVista.csproj", "{60377A6E-F027-4A3C-B44A-C185779CC371}"
EndProject
Global
	GlobalSection(SolutionConfigurationPlatforms) = preSolution
		Debug|Any CPU = Debug|Any CPU
		Release|Any CPU = Release|Any CPU
	EndGlobalSection
	GlobalSection(ProjectConfigurationPlatforms) = postSolution
		{60377A6E-F027-4A3C-B44A-C185779CC371}.Debug|Any CPU.ActiveCfg = Debug|Any CPU
		{60377A6E-F027-4A3C-B44A-C185779CC371}.Debug|Any CPU.Build.0 = Debug|Any CPU
		{60377A6E-F027-4A3C-B44A-C185779CC371}.Release|Any CPU.ActiveCfg = Release|Any CPU
		{60377A6E-F027-4A3C-B44A-C185779CC371}.Release|Any CPU.Build.0 = Release|Any CPU
	EndGlobalSection
	GlobalSection(SolutionProperties) = preSolution
		HideSolutionNode = FALSE
	EndGlobalSection
	GlobalSection(ExtensibilityGlobals) = postSolution
		SolutionGuid = {3D921D54-AA44-4BCD-9710-0B03E2E46030}
	EndGlobalSection
EndGlobal
